
Microsoft Visual Studio Solution File, Format Version 12.00
# Visual Studio Version 16
VisualStudioVersion = 16.0.29905.134
MinimumVisualStudioVersion = 10.0.40219.1
Project("{9A19103F-16F7-4668-BE54-9A1E7A4F7556}") = "Kafka.Streams.Tests", "Kafka.Streams.net\Kafka.Streams.Tests\Kafka.Streams.Tests.csproj", "{0CF3C8DD-EFC4-4865-94E4-CB3D54AE8E85}"
EndProject
Project("{9A19103F-16F7-4668-BE54-9A1E7A4F7556}") = "Kafka.Streams", "Kafka.Streams.net\Kafka.Streams\Kafka.Streams.csproj", "{4F1A0506-FCFB-4B89-B51C-279397522ED9}"
EndProject
Project("{2150E333-8FDC-42A3-9474-1A3956D46DE8}") = "Solution Items", "Solution Items", "{0CB1569E-C8FB-495A-A06A-872731217F6C}"
	ProjectSection(SolutionItems) = preProject
		.editorconfig = .editorconfig
		.gitignore = .gitignore
		Directory.Build.props = Directory.Build.props
		README.md = README.md
	EndProjectSection
EndProject
Project("{9A19103F-16F7-4668-BE54-9A1E7A4F7556}") = "Kafka.Streams.App", "Kafka.Streams.net\Kafka.Streams.App\Kafka.Streams.App.csproj", "{2602C9E0-68FF-47BC-9A44-BE1AD04FEFCD}"
EndProject
Project("{9A19103F-16F7-4668-BE54-9A1E7A4F7556}") = "WordCountProcessorDemo", "Kafka.Streams.net\Examples\WordCountProcessorDemo\WordCountProcessorDemo.csproj", "{BD0C7D58-02EC-4F8B-8FC9-C2CF4CE7E248}"
EndProject
Project("{9A19103F-16F7-4668-BE54-9A1E7A4F7556}") = "Confluent.Kafka", "confluent-kafka-dotnet\src\Confluent.Kafka\Confluent.Kafka.csproj", "{A962794C-0F68-4E21-8DBA-C31720493239}"
EndProject
Project("{9A19103F-16F7-4668-BE54-9A1E7A4F7556}") = "Confluent.SchemaRegistry", "confluent-kafka-dotnet\src\Confluent.SchemaRegistry\Confluent.SchemaRegistry.csproj", "{F1F07FCC-3059-4018-AB7D-E0156BD5751C}"
EndProject
Project("{2150E333-8FDC-42A3-9474-1A3956D46DE8}") = "Confluent", "Confluent", "{E661C830-A872-4EBD-B109-10C59A33B33B}"
EndProject
Project("{9A19103F-16F7-4668-BE54-9A1E7A4F7556}") = "ConfigGen", "confluent-kafka-dotnet\src\ConfigGen\ConfigGen.csproj", "{3A4A5A06-D0E9-4587-8DBD-0A2A043F2BDD}"
EndProject
Project("{9A19103F-16F7-4668-BE54-9A1E7A4F7556}") = "Confluent.Kafka.UnitTests", "confluent-kafka-dotnet\test\Confluent.Kafka.UnitTests\Confluent.Kafka.UnitTests.csproj", "{E84B6E85-BB61-4C12-8A1E-AF5D52ADE145}"
EndProject
Project("{2150E333-8FDC-42A3-9474-1A3956D46DE8}") = "Analyzers", "Analyzers", "{F0F9E962-70D0-4D27-AB0A-5B1FF2600DD2}"
EndProject
Project("{FAE04EC0-301F-11D3-BF4B-00C04F79EFBC}") = "JavaToCsharpAnalyzers", "..\..\JavaToCsharpAnalyzers\JavaToCsharpAnalyzers\JavaToCsharpAnalyzers.csproj", "{65267FE3-22EB-4A45-A2F9-364C8AF2225D}"
EndProject
Project("{FAE04EC0-301F-11D3-BF4B-00C04F79EFBC}") = "JavaToCsharpAnalyzers.Test", "..\..\JavaToCsharpAnalyzers\JavaToCsharpAnalyzers.Test\JavaToCsharpAnalyzers.Test.csproj", "{EF326D12-1065-42BA-994D-64031ABB6277}"
EndProject
Project("{FAE04EC0-301F-11D3-BF4B-00C04F79EFBC}") = "JavaToCsharpAnalyzers.Vsix", "..\..\JavaToCsharpAnalyzers\JavaToCsharpAnalyzers.Vsix\JavaToCsharpAnalyzers.Vsix.csproj", "{8E3192F5-D4E8-4D58-AC24-5FF092FDEF73}"
EndProject
Project("{9A19103F-16F7-4668-BE54-9A1E7A4F7556}") = "Kafka.Streams.RocksDB", "Kafka.Streams.RocksDB\Kafka.Streams.RocksDB.csproj", "{1E31C55F-0C77-463B-810B-CF99979B620C}"
EndProject
Project("{9A19103F-16F7-4668-BE54-9A1E7A4F7556}") = "Kafka.Streams.RocksDB.Tests", "Kafka.Streams.RocksDB.Tests\Kafka.Streams.RocksDB.Tests.csproj", "{DA7F7714-6E08-47D8-AF31-5BED63993E08}"
EndProject
Project("{9A19103F-16F7-4668-BE54-9A1E7A4F7556}") = "Confluent.SchemaRegistry.Serdes.Avro", "confluent-kafka-dotnet\src\Confluent.SchemaRegistry.Serdes.Avro\Confluent.SchemaRegistry.Serdes.Avro.csproj", "{2BA9A2BA-3AFB-4E4C-9842-F9C4DB9675EE}"
EndProject
Project("{9A19103F-16F7-4668-BE54-9A1E7A4F7556}") = "Confluent.SchemaRegistry.Serdes.Json", "confluent-kafka-dotnet\src\Confluent.SchemaRegistry.Serdes.Json\Confluent.SchemaRegistry.Serdes.Json.csproj", "{AD2FECB6-9146-40B5-8CED-6B462D67DC43}"
EndProject
Project("{9A19103F-16F7-4668-BE54-9A1E7A4F7556}") = "Confluent.SchemaRegistry.Serdes.Protobuf", "confluent-kafka-dotnet\src\Confluent.SchemaRegistry.Serdes.Protobuf\Confluent.SchemaRegistry.Serdes.Protobuf.csproj", "{104E14D2-74C2-4686-BCDC-F8097AABDB9D}"
EndProject
Project("{8BC9CEB8-8B4A-11D0-8D11-00A0C91BC942}") = "librdkafka", "librdkafka\win32\librdkafka.vcxproj", "{0FC30A29-EE10-46C0-8122-C5FAE5A142BC}"
EndProject
Project("{2150E333-8FDC-42A3-9474-1A3956D46DE8}") = "KafkaHelpers", "KafkaHelpers", "{83DA880D-FB0B-44C9-889B-B8E266C346BF}"
EndProject
Project("{9A19103F-16F7-4668-BE54-9A1E7A4F7556}") = "KafkaHelpers.AspnetCore", "KafkaHelpers\KafkaHelpers.AspnetCore\KafkaHelpers.AspnetCore.csproj", "{930DB844-556C-4870-A195-2980CCD109C4}"
EndProject
Project("{9A19103F-16F7-4668-BE54-9A1E7A4F7556}") = "KafkaHelpers.Core", "KafkaHelpers\KafkaHelpers.Core\KafkaHelpers.Core.csproj", "{3FA02433-EA30-4DF0-8620-A2315857AD66}"
EndProject
Project("{9A19103F-16F7-4668-BE54-9A1E7A4F7556}") = "KafkaHelpers.DotnetCore", "KafkaHelpers\KafkaHelpers.DotnetCore\KafkaHelpers.DotnetCore.csproj", "{2A3AD776-4ECC-4154-BDF1-5E958A62B8EC}"
EndProject
Project("{2150E333-8FDC-42A3-9474-1A3956D46DE8}") = "Tests", "Tests", "{E52F0588-0A1B-4361-8F8E-B99BCA83B5B2}"
EndProject
Project("{9A19103F-16F7-4668-BE54-9A1E7A4F7556}") = "KafkaHelpers.Tests.AspnetCore", "KafkaHelpers\Tests\KafkaHelpers.Tests.AspnetCore\KafkaHelpers.Tests.AspnetCore.csproj", "{0ADE41F7-91BD-47F7-A6BF-E21CD2B7AB87}"
EndProject
Project("{9A19103F-16F7-4668-BE54-9A1E7A4F7556}") = "KafkaHelpers.Tests.Core", "KafkaHelpers\Tests\KafkaHelpers.Tests.Core\KafkaHelpers.Tests.Core.csproj", "{65AFFB11-04D6-42B1-A48D-76D34D15E74E}"
EndProject
Project("{9A19103F-16F7-4668-BE54-9A1E7A4F7556}") = "KafkaHelpers.Tests.DotnetCore", "KafkaHelpers\Tests\KafkaHelpers.Tests.DotnetCore\KafkaHelpers.Tests.DotnetCore.csproj", "{006C6641-9ADF-4823-AE1D-6AADED4FEB35}"
EndProject
Project("{9A19103F-16F7-4668-BE54-9A1E7A4F7556}") = "KafkaHelpers.Console.App", "KafkaHelpers\TestApps\KafkaHelpers.Console.App\KafkaHelpers.Console.App.csproj", "{0E4F0D02-2067-4BE1-A20F-1F3CC3019EE4}"
EndProject
Project("{9A19103F-16F7-4668-BE54-9A1E7A4F7556}") = "KafkaHelpers.Web.App", "KafkaHelpers\TestApps\KafkaHelpers.Web.App\KafkaHelpers.Web.App.csproj", "{610BD44B-FEDD-4DE3-A5AE-0AD2E1642BE5}"
EndProject
Project("{FAE04EC0-301F-11D3-BF4B-00C04F79EFBC}") = "TestApp", "TestApp\TestApp.csproj", "{BA7D2FD2-A4E1-497F-8C8E-092B7741F13D}"
EndProject
Global
	GlobalSection(SolutionConfigurationPlatforms) = preSolution
		Debug|Any CPU = Debug|Any CPU
		Debug|x64 = Debug|x64
		Debug|x86 = Debug|x86
		Release|Any CPU = Release|Any CPU
		Release|x64 = Release|x64
		Release|x86 = Release|x86
	EndGlobalSection
	GlobalSection(ProjectConfigurationPlatforms) = postSolution
		{0CF3C8DD-EFC4-4865-94E4-CB3D54AE8E85}.Debug|Any CPU.ActiveCfg = Debug|Any CPU
		{0CF3C8DD-EFC4-4865-94E4-CB3D54AE8E85}.Debug|Any CPU.Build.0 = Debug|Any CPU
		{0CF3C8DD-EFC4-4865-94E4-CB3D54AE8E85}.Debug|x64.ActiveCfg = Debug|Any CPU
		{0CF3C8DD-EFC4-4865-94E4-CB3D54AE8E85}.Debug|x64.Build.0 = Debug|Any CPU
		{0CF3C8DD-EFC4-4865-94E4-CB3D54AE8E85}.Debug|x86.ActiveCfg = Debug|Any CPU
		{0CF3C8DD-EFC4-4865-94E4-CB3D54AE8E85}.Debug|x86.Build.0 = Debug|Any CPU
		{0CF3C8DD-EFC4-4865-94E4-CB3D54AE8E85}.Release|Any CPU.ActiveCfg = Release|Any CPU
		{0CF3C8DD-EFC4-4865-94E4-CB3D54AE8E85}.Release|Any CPU.Build.0 = Release|Any CPU
		{0CF3C8DD-EFC4-4865-94E4-CB3D54AE8E85}.Release|x64.ActiveCfg = Release|Any CPU
		{0CF3C8DD-EFC4-4865-94E4-CB3D54AE8E85}.Release|x64.Build.0 = Release|Any CPU
		{0CF3C8DD-EFC4-4865-94E4-CB3D54AE8E85}.Release|x86.ActiveCfg = Release|Any CPU
		{0CF3C8DD-EFC4-4865-94E4-CB3D54AE8E85}.Release|x86.Build.0 = Release|Any CPU
		{4F1A0506-FCFB-4B89-B51C-279397522ED9}.Debug|Any CPU.ActiveCfg = Debug|Any CPU
		{4F1A0506-FCFB-4B89-B51C-279397522ED9}.Debug|Any CPU.Build.0 = Debug|Any CPU
		{4F1A0506-FCFB-4B89-B51C-279397522ED9}.Debug|x64.ActiveCfg = Debug|Any CPU
		{4F1A0506-FCFB-4B89-B51C-279397522ED9}.Debug|x64.Build.0 = Debug|Any CPU
		{4F1A0506-FCFB-4B89-B51C-279397522ED9}.Debug|x86.ActiveCfg = Debug|Any CPU
		{4F1A0506-FCFB-4B89-B51C-279397522ED9}.Debug|x86.Build.0 = Debug|Any CPU
		{4F1A0506-FCFB-4B89-B51C-279397522ED9}.Release|Any CPU.ActiveCfg = Release|Any CPU
		{4F1A0506-FCFB-4B89-B51C-279397522ED9}.Release|Any CPU.Build.0 = Release|Any CPU
		{4F1A0506-FCFB-4B89-B51C-279397522ED9}.Release|x64.ActiveCfg = Release|Any CPU
		{4F1A0506-FCFB-4B89-B51C-279397522ED9}.Release|x64.Build.0 = Release|Any CPU
		{4F1A0506-FCFB-4B89-B51C-279397522ED9}.Release|x86.ActiveCfg = Release|Any CPU
		{4F1A0506-FCFB-4B89-B51C-279397522ED9}.Release|x86.Build.0 = Release|Any CPU
		{2602C9E0-68FF-47BC-9A44-BE1AD04FEFCD}.Debug|Any CPU.ActiveCfg = Debug|Any CPU
		{2602C9E0-68FF-47BC-9A44-BE1AD04FEFCD}.Debug|Any CPU.Build.0 = Debug|Any CPU
		{2602C9E0-68FF-47BC-9A44-BE1AD04FEFCD}.Debug|x64.ActiveCfg = Debug|Any CPU
		{2602C9E0-68FF-47BC-9A44-BE1AD04FEFCD}.Debug|x64.Build.0 = Debug|Any CPU
		{2602C9E0-68FF-47BC-9A44-BE1AD04FEFCD}.Debug|x86.ActiveCfg = Debug|Any CPU
		{2602C9E0-68FF-47BC-9A44-BE1AD04FEFCD}.Debug|x86.Build.0 = Debug|Any CPU
		{2602C9E0-68FF-47BC-9A44-BE1AD04FEFCD}.Release|Any CPU.ActiveCfg = Release|Any CPU
		{2602C9E0-68FF-47BC-9A44-BE1AD04FEFCD}.Release|Any CPU.Build.0 = Release|Any CPU
		{2602C9E0-68FF-47BC-9A44-BE1AD04FEFCD}.Release|x64.ActiveCfg = Release|Any CPU
		{2602C9E0-68FF-47BC-9A44-BE1AD04FEFCD}.Release|x64.Build.0 = Release|Any CPU
		{2602C9E0-68FF-47BC-9A44-BE1AD04FEFCD}.Release|x86.ActiveCfg = Release|Any CPU
		{2602C9E0-68FF-47BC-9A44-BE1AD04FEFCD}.Release|x86.Build.0 = Release|Any CPU
		{BD0C7D58-02EC-4F8B-8FC9-C2CF4CE7E248}.Debug|Any CPU.ActiveCfg = Debug|Any CPU
		{BD0C7D58-02EC-4F8B-8FC9-C2CF4CE7E248}.Debug|Any CPU.Build.0 = Debug|Any CPU
		{BD0C7D58-02EC-4F8B-8FC9-C2CF4CE7E248}.Debug|x64.ActiveCfg = Debug|Any CPU
		{BD0C7D58-02EC-4F8B-8FC9-C2CF4CE7E248}.Debug|x64.Build.0 = Debug|Any CPU
		{BD0C7D58-02EC-4F8B-8FC9-C2CF4CE7E248}.Debug|x86.ActiveCfg = Debug|Any CPU
		{BD0C7D58-02EC-4F8B-8FC9-C2CF4CE7E248}.Debug|x86.Build.0 = Debug|Any CPU
		{BD0C7D58-02EC-4F8B-8FC9-C2CF4CE7E248}.Release|Any CPU.ActiveCfg = Release|Any CPU
		{BD0C7D58-02EC-4F8B-8FC9-C2CF4CE7E248}.Release|Any CPU.Build.0 = Release|Any CPU
		{BD0C7D58-02EC-4F8B-8FC9-C2CF4CE7E248}.Release|x64.ActiveCfg = Release|Any CPU
		{BD0C7D58-02EC-4F8B-8FC9-C2CF4CE7E248}.Release|x64.Build.0 = Release|Any CPU
		{BD0C7D58-02EC-4F8B-8FC9-C2CF4CE7E248}.Release|x86.ActiveCfg = Release|Any CPU
		{BD0C7D58-02EC-4F8B-8FC9-C2CF4CE7E248}.Release|x86.Build.0 = Release|Any CPU
		{A962794C-0F68-4E21-8DBA-C31720493239}.Debug|Any CPU.ActiveCfg = Debug|Any CPU
		{A962794C-0F68-4E21-8DBA-C31720493239}.Debug|Any CPU.Build.0 = Debug|Any CPU
		{A962794C-0F68-4E21-8DBA-C31720493239}.Debug|x64.ActiveCfg = Debug|Any CPU
		{A962794C-0F68-4E21-8DBA-C31720493239}.Debug|x64.Build.0 = Debug|Any CPU
		{A962794C-0F68-4E21-8DBA-C31720493239}.Debug|x86.ActiveCfg = Debug|Any CPU
		{A962794C-0F68-4E21-8DBA-C31720493239}.Debug|x86.Build.0 = Debug|Any CPU
		{A962794C-0F68-4E21-8DBA-C31720493239}.Release|Any CPU.ActiveCfg = Release|Any CPU
		{A962794C-0F68-4E21-8DBA-C31720493239}.Release|Any CPU.Build.0 = Release|Any CPU
		{A962794C-0F68-4E21-8DBA-C31720493239}.Release|x64.ActiveCfg = Release|Any CPU
		{A962794C-0F68-4E21-8DBA-C31720493239}.Release|x64.Build.0 = Release|Any CPU
		{A962794C-0F68-4E21-8DBA-C31720493239}.Release|x86.ActiveCfg = Release|Any CPU
		{A962794C-0F68-4E21-8DBA-C31720493239}.Release|x86.Build.0 = Release|Any CPU
		{F1F07FCC-3059-4018-AB7D-E0156BD5751C}.Debug|Any CPU.ActiveCfg = Debug|Any CPU
		{F1F07FCC-3059-4018-AB7D-E0156BD5751C}.Debug|Any CPU.Build.0 = Debug|Any CPU
		{F1F07FCC-3059-4018-AB7D-E0156BD5751C}.Debug|x64.ActiveCfg = Debug|Any CPU
		{F1F07FCC-3059-4018-AB7D-E0156BD5751C}.Debug|x64.Build.0 = Debug|Any CPU
		{F1F07FCC-3059-4018-AB7D-E0156BD5751C}.Debug|x86.ActiveCfg = Debug|Any CPU
		{F1F07FCC-3059-4018-AB7D-E0156BD5751C}.Debug|x86.Build.0 = Debug|Any CPU
		{F1F07FCC-3059-4018-AB7D-E0156BD5751C}.Release|Any CPU.ActiveCfg = Release|Any CPU
		{F1F07FCC-3059-4018-AB7D-E0156BD5751C}.Release|Any CPU.Build.0 = Release|Any CPU
		{F1F07FCC-3059-4018-AB7D-E0156BD5751C}.Release|x64.ActiveCfg = Release|Any CPU
		{F1F07FCC-3059-4018-AB7D-E0156BD5751C}.Release|x64.Build.0 = Release|Any CPU
		{F1F07FCC-3059-4018-AB7D-E0156BD5751C}.Release|x86.ActiveCfg = Release|Any CPU
		{F1F07FCC-3059-4018-AB7D-E0156BD5751C}.Release|x86.Build.0 = Release|Any CPU
		{3A4A5A06-D0E9-4587-8DBD-0A2A043F2BDD}.Debug|Any CPU.ActiveCfg = Debug|Any CPU
		{3A4A5A06-D0E9-4587-8DBD-0A2A043F2BDD}.Debug|Any CPU.Build.0 = Debug|Any CPU
		{3A4A5A06-D0E9-4587-8DBD-0A2A043F2BDD}.Debug|x64.ActiveCfg = Debug|Any CPU
		{3A4A5A06-D0E9-4587-8DBD-0A2A043F2BDD}.Debug|x64.Build.0 = Debug|Any CPU
		{3A4A5A06-D0E9-4587-8DBD-0A2A043F2BDD}.Debug|x86.ActiveCfg = Debug|Any CPU
		{3A4A5A06-D0E9-4587-8DBD-0A2A043F2BDD}.Debug|x86.Build.0 = Debug|Any CPU
		{3A4A5A06-D0E9-4587-8DBD-0A2A043F2BDD}.Release|Any CPU.ActiveCfg = Release|Any CPU
		{3A4A5A06-D0E9-4587-8DBD-0A2A043F2BDD}.Release|Any CPU.Build.0 = Release|Any CPU
		{3A4A5A06-D0E9-4587-8DBD-0A2A043F2BDD}.Release|x64.ActiveCfg = Release|Any CPU
		{3A4A5A06-D0E9-4587-8DBD-0A2A043F2BDD}.Release|x64.Build.0 = Release|Any CPU
		{3A4A5A06-D0E9-4587-8DBD-0A2A043F2BDD}.Release|x86.ActiveCfg = Release|Any CPU
		{3A4A5A06-D0E9-4587-8DBD-0A2A043F2BDD}.Release|x86.Build.0 = Release|Any CPU
		{E84B6E85-BB61-4C12-8A1E-AF5D52ADE145}.Debug|Any CPU.ActiveCfg = Debug|Any CPU
		{E84B6E85-BB61-4C12-8A1E-AF5D52ADE145}.Debug|Any CPU.Build.0 = Debug|Any CPU
		{E84B6E85-BB61-4C12-8A1E-AF5D52ADE145}.Debug|x64.ActiveCfg = Debug|Any CPU
		{E84B6E85-BB61-4C12-8A1E-AF5D52ADE145}.Debug|x64.Build.0 = Debug|Any CPU
		{E84B6E85-BB61-4C12-8A1E-AF5D52ADE145}.Debug|x86.ActiveCfg = Debug|Any CPU
		{E84B6E85-BB61-4C12-8A1E-AF5D52ADE145}.Debug|x86.Build.0 = Debug|Any CPU
		{E84B6E85-BB61-4C12-8A1E-AF5D52ADE145}.Release|Any CPU.ActiveCfg = Release|Any CPU
		{E84B6E85-BB61-4C12-8A1E-AF5D52ADE145}.Release|Any CPU.Build.0 = Release|Any CPU
		{E84B6E85-BB61-4C12-8A1E-AF5D52ADE145}.Release|x64.ActiveCfg = Release|Any CPU
		{E84B6E85-BB61-4C12-8A1E-AF5D52ADE145}.Release|x64.Build.0 = Release|Any CPU
		{E84B6E85-BB61-4C12-8A1E-AF5D52ADE145}.Release|x86.ActiveCfg = Release|Any CPU
		{E84B6E85-BB61-4C12-8A1E-AF5D52ADE145}.Release|x86.Build.0 = Release|Any CPU
		{65267FE3-22EB-4A45-A2F9-364C8AF2225D}.Debug|Any CPU.ActiveCfg = Debug|Any CPU
		{65267FE3-22EB-4A45-A2F9-364C8AF2225D}.Debug|Any CPU.Build.0 = Debug|Any CPU
		{65267FE3-22EB-4A45-A2F9-364C8AF2225D}.Debug|x64.ActiveCfg = Debug|Any CPU
		{65267FE3-22EB-4A45-A2F9-364C8AF2225D}.Debug|x64.Build.0 = Debug|Any CPU
		{65267FE3-22EB-4A45-A2F9-364C8AF2225D}.Debug|x86.ActiveCfg = Debug|Any CPU
		{65267FE3-22EB-4A45-A2F9-364C8AF2225D}.Debug|x86.Build.0 = Debug|Any CPU
		{65267FE3-22EB-4A45-A2F9-364C8AF2225D}.Release|Any CPU.ActiveCfg = Release|Any CPU
		{65267FE3-22EB-4A45-A2F9-364C8AF2225D}.Release|Any CPU.Build.0 = Release|Any CPU
		{65267FE3-22EB-4A45-A2F9-364C8AF2225D}.Release|x64.ActiveCfg = Release|Any CPU
		{65267FE3-22EB-4A45-A2F9-364C8AF2225D}.Release|x64.Build.0 = Release|Any CPU
		{65267FE3-22EB-4A45-A2F9-364C8AF2225D}.Release|x86.ActiveCfg = Release|Any CPU
		{65267FE3-22EB-4A45-A2F9-364C8AF2225D}.Release|x86.Build.0 = Release|Any CPU
		{EF326D12-1065-42BA-994D-64031ABB6277}.Debug|Any CPU.ActiveCfg = Debug|Any CPU
		{EF326D12-1065-42BA-994D-64031ABB6277}.Debug|Any CPU.Build.0 = Debug|Any CPU
		{EF326D12-1065-42BA-994D-64031ABB6277}.Debug|x64.ActiveCfg = Debug|Any CPU
		{EF326D12-1065-42BA-994D-64031ABB6277}.Debug|x64.Build.0 = Debug|Any CPU
		{EF326D12-1065-42BA-994D-64031ABB6277}.Debug|x86.ActiveCfg = Debug|Any CPU
		{EF326D12-1065-42BA-994D-64031ABB6277}.Debug|x86.Build.0 = Debug|Any CPU
		{EF326D12-1065-42BA-994D-64031ABB6277}.Release|Any CPU.ActiveCfg = Release|Any CPU
		{EF326D12-1065-42BA-994D-64031ABB6277}.Release|Any CPU.Build.0 = Release|Any CPU
		{EF326D12-1065-42BA-994D-64031ABB6277}.Release|x64.ActiveCfg = Release|Any CPU
		{EF326D12-1065-42BA-994D-64031ABB6277}.Release|x64.Build.0 = Release|Any CPU
		{EF326D12-1065-42BA-994D-64031ABB6277}.Release|x86.ActiveCfg = Release|Any CPU
		{EF326D12-1065-42BA-994D-64031ABB6277}.Release|x86.Build.0 = Release|Any CPU
		{8E3192F5-D4E8-4D58-AC24-5FF092FDEF73}.Debug|Any CPU.ActiveCfg = Debug|Any CPU
		{8E3192F5-D4E8-4D58-AC24-5FF092FDEF73}.Debug|Any CPU.Build.0 = Debug|Any CPU
		{8E3192F5-D4E8-4D58-AC24-5FF092FDEF73}.Debug|x64.ActiveCfg = Debug|Any CPU
		{8E3192F5-D4E8-4D58-AC24-5FF092FDEF73}.Debug|x64.Build.0 = Debug|Any CPU
		{8E3192F5-D4E8-4D58-AC24-5FF092FDEF73}.Debug|x86.ActiveCfg = Debug|Any CPU
		{8E3192F5-D4E8-4D58-AC24-5FF092FDEF73}.Debug|x86.Build.0 = Debug|Any CPU
		{8E3192F5-D4E8-4D58-AC24-5FF092FDEF73}.Release|Any CPU.ActiveCfg = Release|Any CPU
		{8E3192F5-D4E8-4D58-AC24-5FF092FDEF73}.Release|Any CPU.Build.0 = Release|Any CPU
		{8E3192F5-D4E8-4D58-AC24-5FF092FDEF73}.Release|x64.ActiveCfg = Release|Any CPU
		{8E3192F5-D4E8-4D58-AC24-5FF092FDEF73}.Release|x64.Build.0 = Release|Any CPU
		{8E3192F5-D4E8-4D58-AC24-5FF092FDEF73}.Release|x86.ActiveCfg = Release|Any CPU
		{8E3192F5-D4E8-4D58-AC24-5FF092FDEF73}.Release|x86.Build.0 = Release|Any CPU
		{1E31C55F-0C77-463B-810B-CF99979B620C}.Debug|Any CPU.ActiveCfg = Debug|Any CPU
		{1E31C55F-0C77-463B-810B-CF99979B620C}.Debug|Any CPU.Build.0 = Debug|Any CPU
		{1E31C55F-0C77-463B-810B-CF99979B620C}.Debug|x64.ActiveCfg = Debug|Any CPU
		{1E31C55F-0C77-463B-810B-CF99979B620C}.Debug|x64.Build.0 = Debug|Any CPU
		{1E31C55F-0C77-463B-810B-CF99979B620C}.Debug|x86.ActiveCfg = Debug|Any CPU
		{1E31C55F-0C77-463B-810B-CF99979B620C}.Debug|x86.Build.0 = Debug|Any CPU
		{1E31C55F-0C77-463B-810B-CF99979B620C}.Release|Any CPU.ActiveCfg = Release|Any CPU
		{1E31C55F-0C77-463B-810B-CF99979B620C}.Release|Any CPU.Build.0 = Release|Any CPU
		{1E31C55F-0C77-463B-810B-CF99979B620C}.Release|x64.ActiveCfg = Release|Any CPU
		{1E31C55F-0C77-463B-810B-CF99979B620C}.Release|x64.Build.0 = Release|Any CPU
		{1E31C55F-0C77-463B-810B-CF99979B620C}.Release|x86.ActiveCfg = Release|Any CPU
		{1E31C55F-0C77-463B-810B-CF99979B620C}.Release|x86.Build.0 = Release|Any CPU
		{DA7F7714-6E08-47D8-AF31-5BED63993E08}.Debug|Any CPU.ActiveCfg = Debug|Any CPU
		{DA7F7714-6E08-47D8-AF31-5BED63993E08}.Debug|Any CPU.Build.0 = Debug|Any CPU
		{DA7F7714-6E08-47D8-AF31-5BED63993E08}.Debug|x64.ActiveCfg = Debug|Any CPU
		{DA7F7714-6E08-47D8-AF31-5BED63993E08}.Debug|x64.Build.0 = Debug|Any CPU
		{DA7F7714-6E08-47D8-AF31-5BED63993E08}.Debug|x86.ActiveCfg = Debug|Any CPU
		{DA7F7714-6E08-47D8-AF31-5BED63993E08}.Debug|x86.Build.0 = Debug|Any CPU
		{DA7F7714-6E08-47D8-AF31-5BED63993E08}.Release|Any CPU.ActiveCfg = Release|Any CPU
		{DA7F7714-6E08-47D8-AF31-5BED63993E08}.Release|Any CPU.Build.0 = Release|Any CPU
		{DA7F7714-6E08-47D8-AF31-5BED63993E08}.Release|x64.ActiveCfg = Release|Any CPU
		{DA7F7714-6E08-47D8-AF31-5BED63993E08}.Release|x64.Build.0 = Release|Any CPU
		{DA7F7714-6E08-47D8-AF31-5BED63993E08}.Release|x86.ActiveCfg = Release|Any CPU
		{DA7F7714-6E08-47D8-AF31-5BED63993E08}.Release|x86.Build.0 = Release|Any CPU
		{2BA9A2BA-3AFB-4E4C-9842-F9C4DB9675EE}.Debug|Any CPU.ActiveCfg = Debug|Any CPU
		{2BA9A2BA-3AFB-4E4C-9842-F9C4DB9675EE}.Debug|Any CPU.Build.0 = Debug|Any CPU
		{2BA9A2BA-3AFB-4E4C-9842-F9C4DB9675EE}.Debug|x64.ActiveCfg = Debug|Any CPU
		{2BA9A2BA-3AFB-4E4C-9842-F9C4DB9675EE}.Debug|x64.Build.0 = Debug|Any CPU
		{2BA9A2BA-3AFB-4E4C-9842-F9C4DB9675EE}.Debug|x86.ActiveCfg = Debug|Any CPU
		{2BA9A2BA-3AFB-4E4C-9842-F9C4DB9675EE}.Debug|x86.Build.0 = Debug|Any CPU
		{2BA9A2BA-3AFB-4E4C-9842-F9C4DB9675EE}.Release|Any CPU.ActiveCfg = Release|Any CPU
		{2BA9A2BA-3AFB-4E4C-9842-F9C4DB9675EE}.Release|Any CPU.Build.0 = Release|Any CPU
		{2BA9A2BA-3AFB-4E4C-9842-F9C4DB9675EE}.Release|x64.ActiveCfg = Release|Any CPU
		{2BA9A2BA-3AFB-4E4C-9842-F9C4DB9675EE}.Release|x64.Build.0 = Release|Any CPU
		{2BA9A2BA-3AFB-4E4C-9842-F9C4DB9675EE}.Release|x86.ActiveCfg = Release|Any CPU
		{2BA9A2BA-3AFB-4E4C-9842-F9C4DB9675EE}.Release|x86.Build.0 = Release|Any CPU
		{AD2FECB6-9146-40B5-8CED-6B462D67DC43}.Debug|Any CPU.ActiveCfg = Debug|Any CPU
		{AD2FECB6-9146-40B5-8CED-6B462D67DC43}.Debug|Any CPU.Build.0 = Debug|Any CPU
		{AD2FECB6-9146-40B5-8CED-6B462D67DC43}.Debug|x64.ActiveCfg = Debug|Any CPU
		{AD2FECB6-9146-40B5-8CED-6B462D67DC43}.Debug|x64.Build.0 = Debug|Any CPU
		{AD2FECB6-9146-40B5-8CED-6B462D67DC43}.Debug|x86.ActiveCfg = Debug|Any CPU
		{AD2FECB6-9146-40B5-8CED-6B462D67DC43}.Debug|x86.Build.0 = Debug|Any CPU
		{AD2FECB6-9146-40B5-8CED-6B462D67DC43}.Release|Any CPU.ActiveCfg = Release|Any CPU
		{AD2FECB6-9146-40B5-8CED-6B462D67DC43}.Release|Any CPU.Build.0 = Release|Any CPU
		{AD2FECB6-9146-40B5-8CED-6B462D67DC43}.Release|x64.ActiveCfg = Release|Any CPU
		{AD2FECB6-9146-40B5-8CED-6B462D67DC43}.Release|x64.Build.0 = Release|Any CPU
		{AD2FECB6-9146-40B5-8CED-6B462D67DC43}.Release|x86.ActiveCfg = Release|Any CPU
		{AD2FECB6-9146-40B5-8CED-6B462D67DC43}.Release|x86.Build.0 = Release|Any CPU
		{104E14D2-74C2-4686-BCDC-F8097AABDB9D}.Debug|Any CPU.ActiveCfg = Debug|Any CPU
		{104E14D2-74C2-4686-BCDC-F8097AABDB9D}.Debug|Any CPU.Build.0 = Debug|Any CPU
		{104E14D2-74C2-4686-BCDC-F8097AABDB9D}.Debug|x64.ActiveCfg = Debug|Any CPU
		{104E14D2-74C2-4686-BCDC-F8097AABDB9D}.Debug|x64.Build.0 = Debug|Any CPU
		{104E14D2-74C2-4686-BCDC-F8097AABDB9D}.Debug|x86.ActiveCfg = Debug|Any CPU
		{104E14D2-74C2-4686-BCDC-F8097AABDB9D}.Debug|x86.Build.0 = Debug|Any CPU
		{104E14D2-74C2-4686-BCDC-F8097AABDB9D}.Release|Any CPU.ActiveCfg = Release|Any CPU
		{104E14D2-74C2-4686-BCDC-F8097AABDB9D}.Release|Any CPU.Build.0 = Release|Any CPU
		{104E14D2-74C2-4686-BCDC-F8097AABDB9D}.Release|x64.ActiveCfg = Release|Any CPU
		{104E14D2-74C2-4686-BCDC-F8097AABDB9D}.Release|x64.Build.0 = Release|Any CPU
		{104E14D2-74C2-4686-BCDC-F8097AABDB9D}.Release|x86.ActiveCfg = Release|Any CPU
		{104E14D2-74C2-4686-BCDC-F8097AABDB9D}.Release|x86.Build.0 = Release|Any CPU
		{0FC30A29-EE10-46C0-8122-C5FAE5A142BC}.Debug|Any CPU.ActiveCfg = Debug|x64
		{0FC30A29-EE10-46C0-8122-C5FAE5A142BC}.Debug|Any CPU.Build.0 = Debug|x64
		{0FC30A29-EE10-46C0-8122-C5FAE5A142BC}.Debug|x64.ActiveCfg = Debug|x64
		{0FC30A29-EE10-46C0-8122-C5FAE5A142BC}.Debug|x64.Build.0 = Debug|x64
		{0FC30A29-EE10-46C0-8122-C5FAE5A142BC}.Debug|x86.ActiveCfg = Debug|Win32
		{0FC30A29-EE10-46C0-8122-C5FAE5A142BC}.Debug|x86.Build.0 = Debug|Win32
		{0FC30A29-EE10-46C0-8122-C5FAE5A142BC}.Release|Any CPU.ActiveCfg = Release|Win32
		{0FC30A29-EE10-46C0-8122-C5FAE5A142BC}.Release|x64.ActiveCfg = Release|x64
		{0FC30A29-EE10-46C0-8122-C5FAE5A142BC}.Release|x64.Build.0 = Release|x64
		{0FC30A29-EE10-46C0-8122-C5FAE5A142BC}.Release|x86.ActiveCfg = Release|Win32
		{0FC30A29-EE10-46C0-8122-C5FAE5A142BC}.Release|x86.Build.0 = Release|Win32
		{930DB844-556C-4870-A195-2980CCD109C4}.Debug|Any CPU.ActiveCfg = Debug|Any CPU
		{930DB844-556C-4870-A195-2980CCD109C4}.Debug|Any CPU.Build.0 = Debug|Any CPU
		{930DB844-556C-4870-A195-2980CCD109C4}.Debug|x64.ActiveCfg = Debug|Any CPU
		{930DB844-556C-4870-A195-2980CCD109C4}.Debug|x64.Build.0 = Debug|Any CPU
		{930DB844-556C-4870-A195-2980CCD109C4}.Debug|x86.ActiveCfg = Debug|Any CPU
		{930DB844-556C-4870-A195-2980CCD109C4}.Debug|x86.Build.0 = Debug|Any CPU
		{930DB844-556C-4870-A195-2980CCD109C4}.Release|Any CPU.ActiveCfg = Release|Any CPU
		{930DB844-556C-4870-A195-2980CCD109C4}.Release|Any CPU.Build.0 = Release|Any CPU
		{930DB844-556C-4870-A195-2980CCD109C4}.Release|x64.ActiveCfg = Release|Any CPU
		{930DB844-556C-4870-A195-2980CCD109C4}.Release|x64.Build.0 = Release|Any CPU
		{930DB844-556C-4870-A195-2980CCD109C4}.Release|x86.ActiveCfg = Release|Any CPU
		{930DB844-556C-4870-A195-2980CCD109C4}.Release|x86.Build.0 = Release|Any CPU
		{3FA02433-EA30-4DF0-8620-A2315857AD66}.Debug|Any CPU.ActiveCfg = Debug|Any CPU
		{3FA02433-EA30-4DF0-8620-A2315857AD66}.Debug|Any CPU.Build.0 = Debug|Any CPU
		{3FA02433-EA30-4DF0-8620-A2315857AD66}.Debug|x64.ActiveCfg = Debug|Any CPU
		{3FA02433-EA30-4DF0-8620-A2315857AD66}.Debug|x64.Build.0 = Debug|Any CPU
		{3FA02433-EA30-4DF0-8620-A2315857AD66}.Debug|x86.ActiveCfg = Debug|Any CPU
		{3FA02433-EA30-4DF0-8620-A2315857AD66}.Debug|x86.Build.0 = Debug|Any CPU
		{3FA02433-EA30-4DF0-8620-A2315857AD66}.Release|Any CPU.ActiveCfg = Release|Any CPU
		{3FA02433-EA30-4DF0-8620-A2315857AD66}.Release|Any CPU.Build.0 = Release|Any CPU
		{3FA02433-EA30-4DF0-8620-A2315857AD66}.Release|x64.ActiveCfg = Release|Any CPU
		{3FA02433-EA30-4DF0-8620-A2315857AD66}.Release|x64.Build.0 = Release|Any CPU
		{3FA02433-EA30-4DF0-8620-A2315857AD66}.Release|x86.ActiveCfg = Release|Any CPU
		{3FA02433-EA30-4DF0-8620-A2315857AD66}.Release|x86.Build.0 = Release|Any CPU
		{2A3AD776-4ECC-4154-BDF1-5E958A62B8EC}.Debug|Any CPU.ActiveCfg = Debug|Any CPU
		{2A3AD776-4ECC-4154-BDF1-5E958A62B8EC}.Debug|Any CPU.Build.0 = Debug|Any CPU
		{2A3AD776-4ECC-4154-BDF1-5E958A62B8EC}.Debug|x64.ActiveCfg = Debug|Any CPU
		{2A3AD776-4ECC-4154-BDF1-5E958A62B8EC}.Debug|x64.Build.0 = Debug|Any CPU
		{2A3AD776-4ECC-4154-BDF1-5E958A62B8EC}.Debug|x86.ActiveCfg = Debug|Any CPU
		{2A3AD776-4ECC-4154-BDF1-5E958A62B8EC}.Debug|x86.Build.0 = Debug|Any CPU
		{2A3AD776-4ECC-4154-BDF1-5E958A62B8EC}.Release|Any CPU.ActiveCfg = Release|Any CPU
		{2A3AD776-4ECC-4154-BDF1-5E958A62B8EC}.Release|Any CPU.Build.0 = Release|Any CPU
		{2A3AD776-4ECC-4154-BDF1-5E958A62B8EC}.Release|x64.ActiveCfg = Release|Any CPU
		{2A3AD776-4ECC-4154-BDF1-5E958A62B8EC}.Release|x64.Build.0 = Release|Any CPU
		{2A3AD776-4ECC-4154-BDF1-5E958A62B8EC}.Release|x86.ActiveCfg = Release|Any CPU
		{2A3AD776-4ECC-4154-BDF1-5E958A62B8EC}.Release|x86.Build.0 = Release|Any CPU
		{0ADE41F7-91BD-47F7-A6BF-E21CD2B7AB87}.Debug|Any CPU.ActiveCfg = Debug|Any CPU
		{0ADE41F7-91BD-47F7-A6BF-E21CD2B7AB87}.Debug|Any CPU.Build.0 = Debug|Any CPU
		{0ADE41F7-91BD-47F7-A6BF-E21CD2B7AB87}.Debug|x64.ActiveCfg = Debug|Any CPU
		{0ADE41F7-91BD-47F7-A6BF-E21CD2B7AB87}.Debug|x64.Build.0 = Debug|Any CPU
		{0ADE41F7-91BD-47F7-A6BF-E21CD2B7AB87}.Debug|x86.ActiveCfg = Debug|Any CPU
		{0ADE41F7-91BD-47F7-A6BF-E21CD2B7AB87}.Debug|x86.Build.0 = Debug|Any CPU
		{0ADE41F7-91BD-47F7-A6BF-E21CD2B7AB87}.Release|Any CPU.ActiveCfg = Release|Any CPU
		{0ADE41F7-91BD-47F7-A6BF-E21CD2B7AB87}.Release|Any CPU.Build.0 = Release|Any CPU
		{0ADE41F7-91BD-47F7-A6BF-E21CD2B7AB87}.Release|x64.ActiveCfg = Release|Any CPU
		{0ADE41F7-91BD-47F7-A6BF-E21CD2B7AB87}.Release|x64.Build.0 = Release|Any CPU
		{0ADE41F7-91BD-47F7-A6BF-E21CD2B7AB87}.Release|x86.ActiveCfg = Release|Any CPU
		{0ADE41F7-91BD-47F7-A6BF-E21CD2B7AB87}.Release|x86.Build.0 = Release|Any CPU
		{65AFFB11-04D6-42B1-A48D-76D34D15E74E}.Debug|Any CPU.ActiveCfg = Debug|Any CPU
		{65AFFB11-04D6-42B1-A48D-76D34D15E74E}.Debug|Any CPU.Build.0 = Debug|Any CPU
		{65AFFB11-04D6-42B1-A48D-76D34D15E74E}.Debug|x64.ActiveCfg = Debug|Any CPU
		{65AFFB11-04D6-42B1-A48D-76D34D15E74E}.Debug|x64.Build.0 = Debug|Any CPU
		{65AFFB11-04D6-42B1-A48D-76D34D15E74E}.Debug|x86.ActiveCfg = Debug|Any CPU
		{65AFFB11-04D6-42B1-A48D-76D34D15E74E}.Debug|x86.Build.0 = Debug|Any CPU
		{65AFFB11-04D6-42B1-A48D-76D34D15E74E}.Release|Any CPU.ActiveCfg = Release|Any CPU
		{65AFFB11-04D6-42B1-A48D-76D34D15E74E}.Release|Any CPU.Build.0 = Release|Any CPU
		{65AFFB11-04D6-42B1-A48D-76D34D15E74E}.Release|x64.ActiveCfg = Release|Any CPU
		{65AFFB11-04D6-42B1-A48D-76D34D15E74E}.Release|x64.Build.0 = Release|Any CPU
		{65AFFB11-04D6-42B1-A48D-76D34D15E74E}.Release|x86.ActiveCfg = Release|Any CPU
		{65AFFB11-04D6-42B1-A48D-76D34D15E74E}.Release|x86.Build.0 = Release|Any CPU
		{006C6641-9ADF-4823-AE1D-6AADED4FEB35}.Debug|Any CPU.ActiveCfg = Debug|Any CPU
		{006C6641-9ADF-4823-AE1D-6AADED4FEB35}.Debug|Any CPU.Build.0 = Debug|Any CPU
		{006C6641-9ADF-4823-AE1D-6AADED4FEB35}.Debug|x64.ActiveCfg = Debug|Any CPU
		{006C6641-9ADF-4823-AE1D-6AADED4FEB35}.Debug|x64.Build.0 = Debug|Any CPU
		{006C6641-9ADF-4823-AE1D-6AADED4FEB35}.Debug|x86.ActiveCfg = Debug|Any CPU
		{006C6641-9ADF-4823-AE1D-6AADED4FEB35}.Debug|x86.Build.0 = Debug|Any CPU
		{006C6641-9ADF-4823-AE1D-6AADED4FEB35}.Release|Any CPU.ActiveCfg = Release|Any CPU
		{006C6641-9ADF-4823-AE1D-6AADED4FEB35}.Release|Any CPU.Build.0 = Release|Any CPU
		{006C6641-9ADF-4823-AE1D-6AADED4FEB35}.Release|x64.ActiveCfg = Release|Any CPU
		{006C6641-9ADF-4823-AE1D-6AADED4FEB35}.Release|x64.Build.0 = Release|Any CPU
		{006C6641-9ADF-4823-AE1D-6AADED4FEB35}.Release|x86.ActiveCfg = Release|Any CPU
		{006C6641-9ADF-4823-AE1D-6AADED4FEB35}.Release|x86.Build.0 = Release|Any CPU
		{0E4F0D02-2067-4BE1-A20F-1F3CC3019EE4}.Debug|Any CPU.ActiveCfg = Debug|Any CPU
		{0E4F0D02-2067-4BE1-A20F-1F3CC3019EE4}.Debug|Any CPU.Build.0 = Debug|Any CPU
		{0E4F0D02-2067-4BE1-A20F-1F3CC3019EE4}.Debug|x64.ActiveCfg = Debug|Any CPU
		{0E4F0D02-2067-4BE1-A20F-1F3CC3019EE4}.Debug|x64.Build.0 = Debug|Any CPU
		{0E4F0D02-2067-4BE1-A20F-1F3CC3019EE4}.Debug|x86.ActiveCfg = Debug|Any CPU
		{0E4F0D02-2067-4BE1-A20F-1F3CC3019EE4}.Debug|x86.Build.0 = Debug|Any CPU
		{0E4F0D02-2067-4BE1-A20F-1F3CC3019EE4}.Release|Any CPU.ActiveCfg = Release|Any CPU
		{0E4F0D02-2067-4BE1-A20F-1F3CC3019EE4}.Release|Any CPU.Build.0 = Release|Any CPU
		{0E4F0D02-2067-4BE1-A20F-1F3CC3019EE4}.Release|x64.ActiveCfg = Release|Any CPU
		{0E4F0D02-2067-4BE1-A20F-1F3CC3019EE4}.Release|x64.Build.0 = Release|Any CPU
		{0E4F0D02-2067-4BE1-A20F-1F3CC3019EE4}.Release|x86.ActiveCfg = Release|Any CPU
		{0E4F0D02-2067-4BE1-A20F-1F3CC3019EE4}.Release|x86.Build.0 = Release|Any CPU
		{610BD44B-FEDD-4DE3-A5AE-0AD2E1642BE5}.Debug|Any CPU.ActiveCfg = Debug|Any CPU
		{610BD44B-FEDD-4DE3-A5AE-0AD2E1642BE5}.Debug|Any CPU.Build.0 = Debug|Any CPU
		{610BD44B-FEDD-4DE3-A5AE-0AD2E1642BE5}.Debug|x64.ActiveCfg = Debug|Any CPU
		{610BD44B-FEDD-4DE3-A5AE-0AD2E1642BE5}.Debug|x64.Build.0 = Debug|Any CPU
		{610BD44B-FEDD-4DE3-A5AE-0AD2E1642BE5}.Debug|x86.ActiveCfg = Debug|Any CPU
		{610BD44B-FEDD-4DE3-A5AE-0AD2E1642BE5}.Debug|x86.Build.0 = Debug|Any CPU
		{610BD44B-FEDD-4DE3-A5AE-0AD2E1642BE5}.Release|Any CPU.ActiveCfg = Release|Any CPU
		{610BD44B-FEDD-4DE3-A5AE-0AD2E1642BE5}.Release|Any CPU.Build.0 = Release|Any CPU
		{610BD44B-FEDD-4DE3-A5AE-0AD2E1642BE5}.Release|x64.ActiveCfg = Release|Any CPU
		{610BD44B-FEDD-4DE3-A5AE-0AD2E1642BE5}.Release|x64.Build.0 = Release|Any CPU
		{610BD44B-FEDD-4DE3-A5AE-0AD2E1642BE5}.Release|x86.ActiveCfg = Release|Any CPU
		{610BD44B-FEDD-4DE3-A5AE-0AD2E1642BE5}.Release|x86.Build.0 = Release|Any CPU
		{BA7D2FD2-A4E1-497F-8C8E-092B7741F13D}.Debug|Any CPU.ActiveCfg = Debug|Any CPU
		{BA7D2FD2-A4E1-497F-8C8E-092B7741F13D}.Debug|Any CPU.Build.0 = Debug|Any CPU
		{BA7D2FD2-A4E1-497F-8C8E-092B7741F13D}.Debug|x64.ActiveCfg = Debug|Any CPU
		{BA7D2FD2-A4E1-497F-8C8E-092B7741F13D}.Debug|x64.Build.0 = Debug|Any CPU
		{BA7D2FD2-A4E1-497F-8C8E-092B7741F13D}.Debug|x86.ActiveCfg = Debug|Any CPU
		{BA7D2FD2-A4E1-497F-8C8E-092B7741F13D}.Debug|x86.Build.0 = Debug|Any CPU
		{BA7D2FD2-A4E1-497F-8C8E-092B7741F13D}.Release|Any CPU.ActiveCfg = Release|Any CPU
		{BA7D2FD2-A4E1-497F-8C8E-092B7741F13D}.Release|Any CPU.Build.0 = Release|Any CPU
		{BA7D2FD2-A4E1-497F-8C8E-092B7741F13D}.Release|x64.ActiveCfg = Release|Any CPU
		{BA7D2FD2-A4E1-497F-8C8E-092B7741F13D}.Release|x64.Build.0 = Release|Any CPU
		{BA7D2FD2-A4E1-497F-8C8E-092B7741F13D}.Release|x86.ActiveCfg = Release|Any CPU
		{BA7D2FD2-A4E1-497F-8C8E-092B7741F13D}.Release|x86.Build.0 = Release|Any CPU
	EndGlobalSection
	GlobalSection(SolutionProperties) = preSolution
		HideSolutionNode = FALSE
	EndGlobalSection
	GlobalSection(NestedProjects) = preSolution
		{A962794C-0F68-4E21-8DBA-C31720493239} = {E661C830-A872-4EBD-B109-10C59A33B33B}
		{F1F07FCC-3059-4018-AB7D-E0156BD5751C} = {E661C830-A872-4EBD-B109-10C59A33B33B}
		{3A4A5A06-D0E9-4587-8DBD-0A2A043F2BDD} = {E661C830-A872-4EBD-B109-10C59A33B33B}
		{E84B6E85-BB61-4C12-8A1E-AF5D52ADE145} = {E661C830-A872-4EBD-B109-10C59A33B33B}
		{65267FE3-22EB-4A45-A2F9-364C8AF2225D} = {F0F9E962-70D0-4D27-AB0A-5B1FF2600DD2}
		{EF326D12-1065-42BA-994D-64031ABB6277} = {F0F9E962-70D0-4D27-AB0A-5B1FF2600DD2}
		{8E3192F5-D4E8-4D58-AC24-5FF092FDEF73} = {F0F9E962-70D0-4D27-AB0A-5B1FF2600DD2}
		{2BA9A2BA-3AFB-4E4C-9842-F9C4DB9675EE} = {E661C830-A872-4EBD-B109-10C59A33B33B}
		{AD2FECB6-9146-40B5-8CED-6B462D67DC43} = {E661C830-A872-4EBD-B109-10C59A33B33B}
		{104E14D2-74C2-4686-BCDC-F8097AABDB9D} = {E661C830-A872-4EBD-B109-10C59A33B33B}
		{0FC30A29-EE10-46C0-8122-C5FAE5A142BC} = {E661C830-A872-4EBD-B109-10C59A33B33B}
		{930DB844-556C-4870-A195-2980CCD109C4} = {83DA880D-FB0B-44C9-889B-B8E266C346BF}
		{3FA02433-EA30-4DF0-8620-A2315857AD66} = {83DA880D-FB0B-44C9-889B-B8E266C346BF}
		{2A3AD776-4ECC-4154-BDF1-5E958A62B8EC} = {83DA880D-FB0B-44C9-889B-B8E266C346BF}
		{E52F0588-0A1B-4361-8F8E-B99BCA83B5B2} = {83DA880D-FB0B-44C9-889B-B8E266C346BF}
		{0ADE41F7-91BD-47F7-A6BF-E21CD2B7AB87} = {E52F0588-0A1B-4361-8F8E-B99BCA83B5B2}
		{65AFFB11-04D6-42B1-A48D-76D34D15E74E} = {E52F0588-0A1B-4361-8F8E-B99BCA83B5B2}
		{006C6641-9ADF-4823-AE1D-6AADED4FEB35} = {E52F0588-0A1B-4361-8F8E-B99BCA83B5B2}
		{0E4F0D02-2067-4BE1-A20F-1F3CC3019EE4} = {83DA880D-FB0B-44C9-889B-B8E266C346BF}
		{610BD44B-FEDD-4DE3-A5AE-0AD2E1642BE5} = {83DA880D-FB0B-44C9-889B-B8E266C346BF}
	EndGlobalSection
	GlobalSection(ExtensibilityGlobals) = postSolution
		SolutionGuid = {BD854F55-D416-43FB-8924-1130FB7035C1}
	EndGlobalSection
EndGlobal
