
Microsoft Visual Studio Solution File, Format Version 12.00
# Visual Studio Version 16
VisualStudioVersion = 16.0.29123.89
MinimumVisualStudioVersion = 10.0.40219.1
Project("{9A19103F-16F7-4668-BE54-9A1E7A4F7556}") = "Kafka.Streams.Tests", "Kafka.Streams.Tests\Kafka.Streams.Tests.csproj", "{0CF3C8DD-EFC4-4865-94E4-CB3D54AE8E85}"
EndProject
Project("{9A19103F-16F7-4668-BE54-9A1E7A4F7556}") = "Kafka.Streams", "Kafka.Streams\Kafka.Streams.csproj", "{4F1A0506-FCFB-4B89-B51C-279397522ED9}"
EndProject
Project("{2150E333-8FDC-42A3-9474-1A3956D46DE8}") = "Solution Items", "Solution Items", "{0CB1569E-C8FB-495A-A06A-872731217F6C}"
	ProjectSection(SolutionItems) = preProject
		Directory.Build.props = Directory.Build.props
	EndProjectSection
EndProject
Project("{9A19103F-16F7-4668-BE54-9A1E7A4F7556}") = "Kafka.Streams.App", "Kafka.Streams.App\Kafka.Streams.App.csproj", "{2602C9E0-68FF-47BC-9A44-BE1AD04FEFCD}"
EndProject
Project("{9A19103F-16F7-4668-BE54-9A1E7A4F7556}") = "Kafka.Common", "Kafka.Common\Kafka.Common.csproj", "{0E948A33-616D-438A-A61B-A8B8769AEDF6}"
EndProject
Project("{9A19103F-16F7-4668-BE54-9A1E7A4F7556}") = "WordCountProcessorDemo", "Examples\WordCountProcessorDemo\WordCountProcessorDemo.csproj", "{BD0C7D58-02EC-4F8B-8FC9-C2CF4CE7E248}"
EndProject
Project("{9A19103F-16F7-4668-BE54-9A1E7A4F7556}") = "Confluent.Kafka", "..\..\confluent-kafka-dotnet\src\Confluent.Kafka\Confluent.Kafka.csproj", "{A962794C-0F68-4E21-8DBA-C31720493239}"
EndProject
Project("{9A19103F-16F7-4668-BE54-9A1E7A4F7556}") = "Confluent.SchemaRegistry", "..\..\confluent-kafka-dotnet\src\Confluent.SchemaRegistry\Confluent.SchemaRegistry.csproj", "{F1F07FCC-3059-4018-AB7D-E0156BD5751C}"
EndProject
Project("{9A19103F-16F7-4668-BE54-9A1E7A4F7556}") = "Confluent.SchemaRegistry.Serdes", "..\..\confluent-kafka-dotnet\src\Confluent.SchemaRegistry.Serdes\Confluent.SchemaRegistry.Serdes.csproj", "{E4FE5D9D-A0B7-427E-AA9D-64B14E09C40F}"
EndProject
Project("{2150E333-8FDC-42A3-9474-1A3956D46DE8}") = "Confluent", "Confluent", "{E661C830-A872-4EBD-B109-10C59A33B33B}"
EndProject
Project("{9A19103F-16F7-4668-BE54-9A1E7A4F7556}") = "ConfigGen", "..\..\confluent-kafka-dotnet\src\ConfigGen\ConfigGen.csproj", "{3A4A5A06-D0E9-4587-8DBD-0A2A043F2BDD}"
EndProject
Global
	GlobalSection(SolutionConfigurationPlatforms) = preSolution
		Debug|Any CPU = Debug|Any CPU
		Release|Any CPU = Release|Any CPU
	EndGlobalSection
	GlobalSection(ProjectConfigurationPlatforms) = postSolution
		{0CF3C8DD-EFC4-4865-94E4-CB3D54AE8E85}.Debug|Any CPU.ActiveCfg = Debug|Any CPU
		{0CF3C8DD-EFC4-4865-94E4-CB3D54AE8E85}.Debug|Any CPU.Build.0 = Debug|Any CPU
		{0CF3C8DD-EFC4-4865-94E4-CB3D54AE8E85}.Release|Any CPU.ActiveCfg = Release|Any CPU
		{0CF3C8DD-EFC4-4865-94E4-CB3D54AE8E85}.Release|Any CPU.Build.0 = Release|Any CPU
		{4F1A0506-FCFB-4B89-B51C-279397522ED9}.Debug|Any CPU.ActiveCfg = Debug|Any CPU
		{4F1A0506-FCFB-4B89-B51C-279397522ED9}.Debug|Any CPU.Build.0 = Debug|Any CPU
		{4F1A0506-FCFB-4B89-B51C-279397522ED9}.Release|Any CPU.ActiveCfg = Release|Any CPU
		{4F1A0506-FCFB-4B89-B51C-279397522ED9}.Release|Any CPU.Build.0 = Release|Any CPU
		{2602C9E0-68FF-47BC-9A44-BE1AD04FEFCD}.Debug|Any CPU.ActiveCfg = Debug|Any CPU
		{2602C9E0-68FF-47BC-9A44-BE1AD04FEFCD}.Debug|Any CPU.Build.0 = Debug|Any CPU
		{2602C9E0-68FF-47BC-9A44-BE1AD04FEFCD}.Release|Any CPU.ActiveCfg = Release|Any CPU
		{2602C9E0-68FF-47BC-9A44-BE1AD04FEFCD}.Release|Any CPU.Build.0 = Release|Any CPU
		{0E948A33-616D-438A-A61B-A8B8769AEDF6}.Debug|Any CPU.ActiveCfg = Debug|Any CPU
		{0E948A33-616D-438A-A61B-A8B8769AEDF6}.Debug|Any CPU.Build.0 = Debug|Any CPU
		{0E948A33-616D-438A-A61B-A8B8769AEDF6}.Release|Any CPU.ActiveCfg = Release|Any CPU
		{0E948A33-616D-438A-A61B-A8B8769AEDF6}.Release|Any CPU.Build.0 = Release|Any CPU
		{BD0C7D58-02EC-4F8B-8FC9-C2CF4CE7E248}.Debug|Any CPU.ActiveCfg = Debug|Any CPU
		{BD0C7D58-02EC-4F8B-8FC9-C2CF4CE7E248}.Debug|Any CPU.Build.0 = Debug|Any CPU
		{BD0C7D58-02EC-4F8B-8FC9-C2CF4CE7E248}.Release|Any CPU.ActiveCfg = Release|Any CPU
		{BD0C7D58-02EC-4F8B-8FC9-C2CF4CE7E248}.Release|Any CPU.Build.0 = Release|Any CPU
		{A962794C-0F68-4E21-8DBA-C31720493239}.Debug|Any CPU.ActiveCfg = Debug|Any CPU
		{A962794C-0F68-4E21-8DBA-C31720493239}.Debug|Any CPU.Build.0 = Debug|Any CPU
		{A962794C-0F68-4E21-8DBA-C31720493239}.Release|Any CPU.ActiveCfg = Release|Any CPU
		{A962794C-0F68-4E21-8DBA-C31720493239}.Release|Any CPU.Build.0 = Release|Any CPU
		{F1F07FCC-3059-4018-AB7D-E0156BD5751C}.Debug|Any CPU.ActiveCfg = Debug|Any CPU
		{F1F07FCC-3059-4018-AB7D-E0156BD5751C}.Debug|Any CPU.Build.0 = Debug|Any CPU
		{F1F07FCC-3059-4018-AB7D-E0156BD5751C}.Release|Any CPU.ActiveCfg = Release|Any CPU
		{F1F07FCC-3059-4018-AB7D-E0156BD5751C}.Release|Any CPU.Build.0 = Release|Any CPU
		{E4FE5D9D-A0B7-427E-AA9D-64B14E09C40F}.Debug|Any CPU.ActiveCfg = Debug|Any CPU
		{E4FE5D9D-A0B7-427E-AA9D-64B14E09C40F}.Debug|Any CPU.Build.0 = Debug|Any CPU
		{E4FE5D9D-A0B7-427E-AA9D-64B14E09C40F}.Release|Any CPU.ActiveCfg = Release|Any CPU
		{E4FE5D9D-A0B7-427E-AA9D-64B14E09C40F}.Release|Any CPU.Build.0 = Release|Any CPU
		{3A4A5A06-D0E9-4587-8DBD-0A2A043F2BDD}.Debug|Any CPU.ActiveCfg = Debug|Any CPU
		{3A4A5A06-D0E9-4587-8DBD-0A2A043F2BDD}.Debug|Any CPU.Build.0 = Debug|Any CPU
		{3A4A5A06-D0E9-4587-8DBD-0A2A043F2BDD}.Release|Any CPU.ActiveCfg = Release|Any CPU
		{3A4A5A06-D0E9-4587-8DBD-0A2A043F2BDD}.Release|Any CPU.Build.0 = Release|Any CPU
	EndGlobalSection
	GlobalSection(SolutionProperties) = preSolution
		HideSolutionNode = FALSE
	EndGlobalSection
	GlobalSection(NestedProjects) = preSolution
		{A962794C-0F68-4E21-8DBA-C31720493239} = {E661C830-A872-4EBD-B109-10C59A33B33B}
		{F1F07FCC-3059-4018-AB7D-E0156BD5751C} = {E661C830-A872-4EBD-B109-10C59A33B33B}
		{E4FE5D9D-A0B7-427E-AA9D-64B14E09C40F} = {E661C830-A872-4EBD-B109-10C59A33B33B}
		{3A4A5A06-D0E9-4587-8DBD-0A2A043F2BDD} = {E661C830-A872-4EBD-B109-10C59A33B33B}
	EndGlobalSection
	GlobalSection(ExtensibilityGlobals) = postSolution
		SolutionGuid = {BD854F55-D416-43FB-8924-1130FB7035C1}
	EndGlobalSection
EndGlobal
